{
  "name": "scifi-util",
  "version": "0.1.0",
  "lockfileVersion": 1,
  "requires": true,
  "dependencies": {
    "argparse": {
      "version": "1.0.10",
      "resolved": "https://registry.npmjs.org/argparse/-/argparse-1.0.10.tgz",
      "integrity": "sha512-o5Roy6tNG4SL/FOkCAN6RzjiakZS25RLYFrcMttJqbdd8BWrnA+fGz57iN5Pb06pvBGvl5gQ0B48dJlslXvoTg==",
      "requires": {
        "sprintf-js": "~1.0.2"
      }
    },
    "data-uri-to-buffer": {
      "version": "4.0.0",
      "resolved": "https://registry.npmjs.org/data-uri-to-buffer/-/data-uri-to-buffer-4.0.0.tgz",
      "integrity": "sha512-Vr3mLBA8qWmcuschSLAOogKgQ/Jwxulv3RNE4FXnYWRGujzrRWQI4m12fQqRkwX06C0KanhLr4hK+GydchZsaA=="
    },
    "emitter-component": {
      "version": "1.1.1",
      "resolved": "https://registry.npmjs.org/emitter-component/-/emitter-component-1.1.1.tgz",
      "integrity": "sha1-Bl4tvtaVm/RwZ57avq95gdEAOrY="
    },
    "esprima": {
      "version": "4.0.0",
      "resolved": "https://registry.npmjs.org/esprima/-/esprima-4.0.0.tgz",
      "integrity": "sha512-oftTcaMu/EGrEIu904mWteKIv8vMuOgGYo7EhVJJN00R/EED9DCua/xxHRdYnKtcECzVg7xOWhflvJMnqcFZjw=="
    },
    "fetch-blob": {
      "version": "3.1.4",
      "resolved": "https://registry.npmjs.org/fetch-blob/-/fetch-blob-3.1.4.tgz",
      "integrity": "sha512-Eq5Xv5+VlSrYWEqKrusxY1C3Hm/hjeAsCGVG3ft7pZahlUAChpGZT/Ms1WmSLnEAisEXszjzu/s+ce6HZB2VHA==",
      "requires": {
        "node-domexception": "^1.0.0",
        "web-streams-polyfill": "^3.0.3"
      }
    },
    "formdata-polyfill": {
      "version": "4.0.10",
      "resolved": "https://registry.npmjs.org/formdata-polyfill/-/formdata-polyfill-4.0.10.tgz",
      "integrity": "sha512-buewHzMvYL29jdeQTVILecSaZKnt/RJWjoZCF5OW60Z67/GmSLBkOFM7qh1PI3zFNtJbaZL5eQu1vLfazOwj4g==",
      "requires": {
        "fetch-blob": "^3.1.2"
      }
    },
    "hammerjs": {
      "version": "2.0.8",
      "resolved": "https://registry.npmjs.org/hammerjs/-/hammerjs-2.0.8.tgz",
      "integrity": "sha1-BO93hiz/K7edMPdpIJWTAiK/YPE="
    },
    "js-yaml": {
      "version": "3.12.0",
      "resolved": "https://registry.npmjs.org/js-yaml/-/js-yaml-3.12.0.tgz",
      "integrity": "sha512-PIt2cnwmPfL4hKNwqeiuz4bKfnzHTBv6HyVgjahA6mPLwPDzjDWrplJBMjHUFxku/N3FlmrbyPclad+I+4mJ3A==",
      "requires": {
        "argparse": "^1.0.7",
        "esprima": "^4.0.0"
      }
    },
    "keycharm": {
      "version": "0.2.0",
      "resolved": "https://registry.npmjs.org/keycharm/-/keycharm-0.2.0.tgz",
      "integrity": "sha1-+m6i5DuQpoAohD0n8gddNajD5vk="
    },
    "moment": {
      "version": "2.22.2",
      "resolved": "https://registry.npmjs.org/moment/-/moment-2.22.2.tgz",
      "integrity": "sha1-PCV/mDn8DpP/UxSWMiOeuQeD/2Y="
    },
    "node-domexception": {
      "version": "1.0.0",
      "resolved": "https://registry.npmjs.org/node-domexception/-/node-domexception-1.0.0.tgz",
      "integrity": "sha512-/jKZoMpw0F8GRwl4/eLROPA3cfcXtLApP0QzLmUT/HuPCZWyB7IY9ZrMeKw2O/nFIqPQB3PVM9aYm0F312AXDQ=="
    },
    "node-fetch": {
      "version": "3.1.1",
      "resolved": "https://registry.npmjs.org/node-fetch/-/node-fetch-3.1.1.tgz",
      "integrity": "sha512-SMk+vKgU77PYotRdWzqZGTZeuFKlsJ0hu4KPviQKkfY+N3vn2MIzr0rvpnYpR8MtB3IEuhlEcuOLbGvLRlA+yg==",
      "requires": {
        "data-uri-to-buffer": "^4.0.0",
        "fetch-blob": "^3.1.3",
        "formdata-polyfill": "^4.0.10"
      }
    },
    "propagating-hammerjs": {
      "version": "1.4.6",
      "resolved": "https://registry.npmjs.org/propagating-hammerjs/-/propagating-hammerjs-1.4.6.tgz",
      "integrity": "sha1-/tAOmwB2f/1C0U9bUxvEk+tnLjc=",
      "requires": {
        "hammerjs": "^2.0.6"
      }
    },
    "sprintf-js": {
      "version": "1.0.3",
      "resolved": "https://registry.npmjs.org/sprintf-js/-/sprintf-js-1.0.3.tgz",
      "integrity": "sha1-BOaSb2YolTVPPdAVIDYzuFcpfiw="
    },
    "vis": {
      "version": "4.21.0",
      "resolved": "https://registry.npmjs.org/vis/-/vis-4.21.0.tgz",
      "integrity": "sha1-3XFji/9/ZJXQC8n0DCU1JhM97Ws=",
      "requires": {
        "emitter-component": "^1.1.1",
        "hammerjs": "^2.0.8",
        "keycharm": "^0.2.0",
        "moment": "^2.18.1",
        "propagating-hammerjs": "^1.4.6"
      }
    },
    "web-streams-polyfill": {
      "version": "3.2.0",
      "resolved": "https://registry.npmjs.org/web-streams-polyfill/-/web-streams-polyfill-3.2.0.tgz",
      "integrity": "sha512-EqPmREeOzttaLRm5HS7io98goBgZ7IVz79aDvqjD0kYXLtFZTc0T/U6wHTPKyIjb+MdN7DFIIX6hgdBEpWmfPA=="
    }
  }
}
